// !$*UTF8*$!
{
	archiveVersion = 1;
	classes = {
	};
	objectVersion = 46;
	objects = {

/* Begin PBXBuildFile section */
		EF8F84901E29829100C32EBA /* AppDelegate.swift in Sources */ = {isa = PBXBuildFile; fileRef = EF8F848F1E29829100C32EBA /* AppDelegate.swift */; };
		EF8F84921E29829100C32EBA /* ViewController.swift in Sources */ = {isa = PBXBuildFile; fileRef = EF8F84911E29829100C32EBA /* ViewController.swift */; };
		EF8F84951E29829100C32EBA /* Main.storyboard in Resources */ = {isa = PBXBuildFile; fileRef = EF8F84931E29829100C32EBA /* Main.storyboard */; };
		EF8F84971E29829100C32EBA /* Assets.xcassets in Resources */ = {isa = PBXBuildFile; fileRef = EF8F84961E29829100C32EBA /* Assets.xcassets */; };
		EF8F849A1E29829100C32EBA /* LaunchScreen.storyboard in Resources */ = {isa = PBXBuildFile; fileRef = EF8F84981E29829100C32EBA /* LaunchScreen.storyboard */; };
		EF8F84A51E29829100C32EBA /* ContactsAppTests.swift in Sources */ = {isa = PBXBuildFile; fileRef = EF8F84A41E29829100C32EBA /* ContactsAppTests.swift */; };
		EF8F84B01E29829100C32EBA /* ContactsAppUITests.swift in Sources */ = {isa = PBXBuildFile; fileRef = EF8F84AF1E29829100C32EBA /* ContactsAppUITests.swift */; };
/* End PBXBuildFile section */

/* Begin PBXContainerItemProxy section */
		EF8F84A11E29829100C32EBA /* PBXContainerItemProxy */ = {
			isa = PBXContainerItemProxy;
			containerPortal = EF8F84841E29829100C32EBA /* Project object */;
			proxyType = 1;
			remoteGlobalIDString = EF8F848B1E29829100C32EBA;
			remoteInfo = ContactsApp;
		};
		EF8F84AC1E29829100C32EBA /* PBXContainerItemProxy */ = {
			isa = PBXContainerItemProxy;
			containerPortal = EF8F84841E29829100C32EBA /* Project object */;
			proxyType = 1;
			remoteGlobalIDString = EF8F848B1E29829100C32EBA;
			remoteInfo = ContactsApp;
		};
/* End PBXContainerItemProxy section */

/* Begin PBXFileReference section */
		EF8F848C1E29829100C32EBA /* ContactsApp.app */ = {isa = PBXFileReference; explicitFileType = wrapper.application; includeInIndex = 0; path = ContactsApp.app; sourceTree = BUILT_PRODUCTS_DIR; };
		EF8F848F1E29829100C32EBA /* AppDelegate.swift */ = {isa = PBXFileReference; lastKnownFileType = sourcecode.swift; path = AppDelegate.swift; sourceTree = "<group>"; };
		EF8F84911E29829100C32EBA /* ViewController.swift */ = {isa = PBXFileReference; lastKnownFileType = sourcecode.swift; path = ViewController.swift; sourceTree = "<group>"; };
		EF8F84941E29829100C32EBA /* Base */ = {isa = PBXFileReference; lastKnownFileType = file.storyboard; name = Base; path = Base.lproj/Main.storyboard; sourceTree = "<group>"; };
		EF8F84961E29829100C32EBA /* Assets.xcassets */ = {isa = PBXFileReference; lastKnownFileType = folder.assetcatalog; path = Assets.xcassets; sourceTree = "<group>"; };
		EF8F84991E29829100C32EBA /* Base */ = {isa = PBXFileReference; lastKnownFileType = file.storyboard; name = Base; path = Base.lproj/LaunchScreen.storyboard; sourceTree = "<group>"; };
		EF8F849B1E29829100C32EBA /* Info.plist */ = {isa = PBXFileReference; lastKnownFileType = text.plist.xml; path = Info.plist; sourceTree = "<group>"; };
		EF8F84A01E29829100C32EBA /* ContactsAppTests.xctest */ = {isa = PBXFileReference; explicitFileType = wrapper.cfbundle; includeInIndex = 0; path = ContactsAppTests.xctest; sourceTree = BUILT_PRODUCTS_DIR; };
		EF8F84A41E29829100C32EBA /* ContactsAppTests.swift */ = {isa = PBXFileReference; lastKnownFileType = sourcecode.swift; path = ContactsAppTests.swift; sourceTree = "<group>"; };
		EF8F84A61E29829100C32EBA /* Info.plist */ = {isa = PBXFileReference; lastKnownFileType = text.plist.xml; path = Info.plist; sourceTree = "<group>"; };
		EF8F84AB1E29829100C32EBA /* ContactsAppUITests.xctest */ = {isa = PBXFileReference; explicitFileType = wrapper.cfbundle; includeInIndex = 0; path = ContactsAppUITests.xctest; sourceTree = BUILT_PRODUCTS_DIR; };
		EF8F84AF1E29829100C32EBA /* ContactsAppUITests.swift */ = {isa = PBXFileReference; lastKnownFileType = sourcecode.swift; path = ContactsAppUITests.swift; sourceTree = "<group>"; };
		EF8F84B11E29829100C32EBA /* Info.plist */ = {isa = PBXFileReference; lastKnownFileType = text.plist.xml; path = Info.plist; sourceTree = "<group>"; };
/* End PBXFileReference section */

/* Begin PBXFrameworksBuildPhase section */
		EF8F84891E29829100C32EBA /* Frameworks */ = {
			isa = PBXFrameworksBuildPhase;
			buildActionMask = 2147483647;
			files = (
			);
			runOnlyForDeploymentPostprocessing = 0;
		};
		EF8F849D1E29829100C32EBA /* Frameworks */ = {
			isa = PBXFrameworksBuildPhase;
			buildActionMask = 2147483647;
			files = (
			);
			runOnlyForDeploymentPostprocessing = 0;
		};
		EF8F84A81E29829100C32EBA /* Frameworks */ = {
			isa = PBXFrameworksBuildPhase;
			buildActionMask = 2147483647;
			files = (
			);
			runOnlyForDeploymentPostprocessing = 0;
		};
/* End PBXFrameworksBuildPhase section */

/* Begin PBXGroup section */
		EF8F84831E29829100C32EBA = {
			isa = PBXGroup;
			children = (
				EF8F848E1E29829100C32EBA /* ContactsApp */,
				EF8F84A31E29829100C32EBA /* ContactsAppTests */,
				EF8F84AE1E29829100C32EBA /* ContactsAppUITests */,
				EF8F848D1E29829100C32EBA /* Products */,
			);
			sourceTree = "<group>";
		};
		EF8F848D1E29829100C32EBA /* Products */ = {
			isa = PBXGroup;
			children = (
				EF8F848C1E29829100C32EBA /* ContactsApp.app */,
				EF8F84A01E29829100C32EBA /* ContactsAppTests.xctest */,
				EF8F84AB1E29829100C32EBA /* ContactsAppUITests.xctest */,
			);
			name = Products;
			sourceTree = "<group>";
		};
		EF8F848E1E29829100C32EBA /* ContactsApp */ = {
			isa = PBXGroup;
			children = (
				EF8F848F1E29829100C32EBA /* AppDelegate.swift */,
				EF8F84911E29829100C32EBA /* ViewController.swift */,
				EF8F84931E29829100C32EBA /* Main.storyboard */,
				EF8F84961E29829100C32EBA /* Assets.xcassets */,
				EF8F84981E29829100C32EBA /* LaunchScreen.storyboard */,
				EF8F849B1E29829100C32EBA /* Info.plist */,
			);
			path = ContactsApp;
			sourceTree = "<group>";
		};
		EF8F84A31E29829100C32EBA /* ContactsAppTests */ = {
			isa = PBXGroup;
			children = (
				EF8F84A41E29829100C32EBA /* ContactsAppTests.swift */,
				EF8F84A61E29829100C32EBA /* Info.plist */,
			);
			path = ContactsAppTests;
			sourceTree = "<group>";
		};
		EF8F84AE1E29829100C32EBA /* ContactsAppUITests */ = {
			isa = PBXGroup;
			children = (
				EF8F84AF1E29829100C32EBA /* ContactsAppUITests.swift */,
				EF8F84B11E29829100C32EBA /* Info.plist */,
			);
			path = ContactsAppUITests;
			sourceTree = "<group>";
		};
/* End PBXGroup section */

/* Begin PBXNativeTarget section */
		EF8F848B1E29829100C32EBA /* ContactsApp */ = {
			isa = PBXNativeTarget;
			buildConfigurationList = EF8F84B41E29829100C32EBA /* Build configuration list for PBXNativeTarget "ContactsApp" */;
			buildPhases = (
				EF8F84881E29829100C32EBA /* Sources */,
				EF8F84891E29829100C32EBA /* Frameworks */,
				EF8F848A1E29829100C32EBA /* Resources */,
			);
			buildRules = (
			);
			dependencies = (
			);
			name = ContactsApp;
			productName = ContactsApp;
			productReference = EF8F848C1E29829100C32EBA /* ContactsApp.app */;
			productType = "com.apple.product-type.application";
		};
		EF8F849F1E29829100C32EBA /* ContactsAppTests */ = {
			isa = PBXNativeTarget;
			buildConfigurationList = EF8F84B71E29829100C32EBA /* Build configuration list for PBXNativeTarget "ContactsAppTests" */;
			buildPhases = (
				EF8F849C1E29829100C32EBA /* Sources */,
				EF8F849D1E29829100C32EBA /* Frameworks */,
				EF8F849E1E29829100C32EBA /* Resources */,
			);
			buildRules = (
			);
			dependencies = (
				EF8F84A21E29829100C32EBA /* PBXTargetDependency */,
			);
			name = ContactsAppTests;
			productName = ContactsAppTests;
			productReference = EF8F84A01E29829100C32EBA /* ContactsAppTests.xctest */;
			productType = "com.apple.product-type.bundle.unit-test";
		};
		EF8F84AA1E29829100C32EBA /* ContactsAppUITests */ = {
			isa = PBXNativeTarget;
			buildConfigurationList = EF8F84BA1E29829100C32EBA /* Build configuration list for PBXNativeTarget "ContactsAppUITests" */;
			buildPhases = (
				EF8F84A71E29829100C32EBA /* Sources */,
				EF8F84A81E29829100C32EBA /* Frameworks */,
				EF8F84A91E29829100C32EBA /* Resources */,
			);
			buildRules = (
			);
			dependencies = (
				EF8F84AD1E29829100C32EBA /* PBXTargetDependency */,
			);
			name = ContactsAppUITests;
			productName = ContactsAppUITests;
			productReference = EF8F84AB1E29829100C32EBA /* ContactsAppUITests.xctest */;
			productType = "com.apple.product-type.bundle.ui-testing";
		};
/* End PBXNativeTarget section */

/* Begin PBXProject section */
		EF8F84841E29829100C32EBA /* Project object */ = {
			isa = PBXProject;
			attributes = {
				LastSwiftUpdateCheck = 0820;
				LastUpgradeCheck = 0820;
				ORGANIZATIONNAME = "Lisa Steele";
				TargetAttributes = {
					EF8F848B1E29829100C32EBA = {
						CreatedOnToolsVersion = 8.2.1;
						ProvisioningStyle = Automatic;
					};
					EF8F849F1E29829100C32EBA = {
						CreatedOnToolsVersion = 8.2.1;
						ProvisioningStyle = Automatic;
						TestTargetID = EF8F848B1E29829100C32EBA;
					};
					EF8F84AA1E29829100C32EBA = {
						CreatedOnToolsVersion = 8.2.1;
						ProvisioningStyle = Automatic;
						TestTargetID = EF8F848B1E29829100C32EBA;
					};
				};
			};
			buildConfigurationList = EF8F84871E29829100C32EBA /* Build configuration list for PBXProject "ContactsApp" */;
			compatibilityVersion = "Xcode 3.2";
			developmentRegion = English;
			hasScannedForEncodings = 0;
			knownRegions = (
				en,
				Base,
			);
			mainGroup = EF8F84831E29829100C32EBA;
			productRefGroup = EF8F848D1E29829100C32EBA /* Products */;
			projectDirPath = "";
			projectRoot = "";
			targets = (
				EF8F848B1E29829100C32EBA /* ContactsApp */,
				EF8F849F1E29829100C32EBA /* ContactsAppTests */,
				EF8F84AA1E29829100C32EBA /* ContactsAppUITests */,
			);
		};
/* End PBXProject section */

/* Begin PBXResourcesBuildPhase section */
		EF8F848A1E29829100C32EBA /* Resources */ = {
			isa = PBXResourcesBuildPhase;
			buildActionMask = 2147483647;
			files = (
				EF8F849A1E29829100C32EBA /* LaunchScreen.storyboard in Resources */,
				EF8F84971E29829100C32EBA /* Assets.xcassets in Resources */,
				EF8F84951E29829100C32EBA /* Main.storyboard in Resources */,
			);
			runOnlyForDeploymentPostprocessing = 0;
		};
		EF8F849E1E29829100C32EBA /* Resources */ = {
			isa = PBXResourcesBuildPhase;
			buildActionMask = 2147483647;
			files = (
			);
			runOnlyForDeploymentPostprocessing = 0;
		};
		EF8F84A91E29829100C32EBA /* Resources */ = {
			isa = PBXResourcesBuildPhase;
			buildActionMask = 2147483647;
			files = (
			);
			runOnlyForDeploymentPostprocessing = 0;
		};
/* End PBXResourcesBuildPhase section */

/* Begin PBXSourcesBuildPhase section */
		EF8F84881E29829100C32EBA /* Sources */ = {
			isa = PBXSourcesBuildPhase;
			buildActionMask = 2147483647;
			files = (
				EF8F84921E29829100C32EBA /* ViewController.swift in Sources */,
				EF8F84901E29829100C32EBA /* AppDelegate.swift in Sources */,
			);
			runOnlyForDeploymentPostprocessing = 0;
		};
		EF8F849C1E29829100C32EBA /* Sources */ = {
			isa = PBXSourcesBuildPhase;
			buildActionMask = 2147483647;
			files = (
				EF8F84A51E29829100C32EBA /* ContactsAppTests.swift in Sources */,
			);
			runOnlyForDeploymentPostprocessing = 0;
		};
		EF8F84A71E29829100C32EBA /* Sources */ = {
			isa = PBXSourcesBuildPhase;
			buildActionMask = 2147483647;
			files = (
				EF8F84B01E29829100C32EBA /* ContactsAppUITests.swift in Sources */,
			);
			runOnlyForDeploymentPostprocessing = 0;
		};
/* End PBXSourcesBuildPhase section */

/* Begin PBXTargetDependency section */
		EF8F84A21E29829100C32EBA /* PBXTargetDependency */ = {
			isa = PBXTargetDependency;
			target = EF8F848B1E29829100C32EBA /* ContactsApp */;
			targetProxy = EF8F84A11E29829100C32EBA /* PBXContainerItemProxy */;
		};
		EF8F84AD1E29829100C32EBA /* PBXTargetDependency */ = {
			isa = PBXTargetDependency;
			target = EF8F848B1E29829100C32EBA /* ContactsApp */;
			targetProxy = EF8F84AC1E29829100C32EBA /* PBXContainerItemProxy */;
		};
/* End PBXTargetDependency section */

/* Begin PBXVariantGroup section */
		EF8F84931E29829100C32EBA /* Main.storyboard */ = {
			isa = PBXVariantGroup;
			children = (
				EF8F84941E29829100C32EBA /* Base */,
			);
			name = Main.storyboard;
			sourceTree = "<group>";
		};
		EF8F84981E29829100C32EBA /* LaunchScreen.storyboard */ = {
			isa = PBXVariantGroup;
			children = (
				EF8F84991E29829100C32EBA /* Base */,
			);
			name = LaunchScreen.storyboard;
			sourceTree = "<group>";
		};
/* End PBXVariantGroup section */

/* Begin XCBuildConfiguration section */
		EF8F84B21E29829100C32EBA /* Debug */ = {
			isa = XCBuildConfiguration;
			buildSettings = {
				ALWAYS_SEARCH_USER_PATHS = NO;
				CLANG_ANALYZER_NONNULL = YES;
				CLANG_CXX_LANGUAGE_STANDARD = "gnu++0x";
				CLANG_CXX_LIBRARY = "libc++";
				CLANG_ENABLE_MODULES = YES;
				CLANG_ENABLE_OBJC_ARC = YES;
				CLANG_WARN_BOOL_CONVERSION = YES;
				CLANG_WARN_CONSTANT_CONVERSION = YES;
				CLANG_WARN_DIRECT_OBJC_ISA_USAGE = YES_ERROR;
				CLANG_WARN_DOCUMENTATION_COMMENTS = YES;
				CLANG_WARN_EMPTY_BODY = YES;
				CLANG_WARN_ENUM_CONVERSION = YES;
				CLANG_WARN_INFINITE_RECURSION = YES;
				CLANG_WARN_INT_CONVERSION = YES;
				CLANG_WARN_OBJC_ROOT_CLASS = YES_ERROR;
				CLANG_WARN_SUSPICIOUS_MOVE = YES;
				CLANG_WARN_UNREACHABLE_CODE = YES;
				CLANG_WARN__DUPLICATE_METHOD_MATCH = YES;
				"CODE_SIGN_IDENTITY[sdk=iphoneos*]" = "iPhone Developer";
				COPY_PHASE_STRIP = NO;
				DEBUG_INFORMATION_FORMAT = dwarf;
				ENABLE_STRICT_OBJC_MSGSEND = YES;
				ENABLE_TESTABILITY = YES;
				GCC_C_LANGUAGE_STANDARD = gnu99;
				GCC_DYNAMIC_NO_PIC = NO;
				GCC_NO_COMMON_BLOCKS = YES;
				GCC_OPTIMIZATION_LEVEL = 0;
				GCC_PREPROCESSOR_DEFINITIONS = (
					"DEBUG=1",
					"$(inherited)",
				);
				GCC_WARN_64_TO_32_BIT_CONVERSION = YES;
				GCC_WARN_ABOUT_RETURN_TYPE = YES_ERROR;
				GCC_WARN_UNDECLARED_SELECTOR = YES;
				GCC_WARN_UNINITIALIZED_AUTOS = YES_AGGRESSIVE;
				GCC_WARN_UNUSED_FUNCTION = YES;
				GCC_WARN_UNUSED_VARIABLE = YES;
				IPHONEOS_DEPLOYMENT_TARGET = 10.2;
				MTL_ENABLE_DEBUG_INFO = YES;
				ONLY_ACTIVE_ARCH = YES;
				SDKROOT = iphoneos;
				SWIFT_ACTIVE_COMPILATION_CONDITIONS = DEBUG;
				SWIFT_OPTIMIZATION_LEVEL = "-Onone";
			};
			name = Debug;
		};
		EF8F84B31E29829100C32EBA /* Release */ = {
			isa = XCBuildConfiguration;
			buildSettings = {
				ALWAYS_SEARCH_USER_PATHS = NO;
				CLANG_ANALYZER_NONNULL = YES;
				CLANG_CXX_LANGUAGE_STANDARD = "gnu++0x";
				CLANG_CXX_LIBRARY = "libc++";
				CLANG_ENABLE_MODULES = YES;
				CLANG_ENABLE_OBJC_ARC = YES;
				CLANG_WARN_BOOL_CONVERSION = YES;
				CLANG_WARN_CONSTANT_CONVERSION = YES;
				CLANG_WARN_DIRECT_OBJC_ISA_USAGE = YES_ERROR;
				CLANG_WARN_DOCUMENTATION_COMMENTS = YES;
				CLANG_WARN_EMPTY_BODY = YES;
				CLANG_WARN_ENUM_CONVERSION = YES;
				CLANG_WARN_INFINITE_RECURSION = YES;
				CLANG_WARN_INT_CONVERSION = YES;
				CLANG_WARN_OBJC_ROOT_CLASS = YES_ERROR;
				CLANG_WARN_SUSPICIOUS_MOVE = YES;
				CLANG_WARN_UNREACHABLE_CODE = YES;
				CLANG_WARN__DUPLICATE_METHOD_MATCH = YES;
				"CODE_SIGN_IDENTITY[sdk=iphoneos*]" = "iPhone Developer";
				COPY_PHASE_STRIP = NO;
				DEBUG_INFORMATION_FORMAT = "dwarf-with-dsym";
				ENABLE_NS_ASSERTIONS = NO;
				ENABLE_STRICT_OBJC_MSGSEND = YES;
				GCC_C_LANGUAGE_STANDARD = gnu99;
				GCC_NO_COMMON_BLOCKS = YES;
				GCC_WARN_64_TO_32_BIT_CONVERSION = YES;
				GCC_WARN_ABOUT_RETURN_TYPE = YES_ERROR;
				GCC_WARN_UNDECLARED_SELECTOR = YES;
				GCC_WARN_UNINITIALIZED_AUTOS = YES_AGGRESSIVE;
				GCC_WARN_UNUSED_FUNCTION = YES;
				GCC_WARN_UNUSED_VARIABLE = YES;
				IPHONEOS_DEPLOYMENT_TARGET = 10.2;
				MTL_ENABLE_DEBUG_INFO = NO;
				SDKROOT = iphoneos;
				SWIFT_OPTIMIZATION_LEVEL = "-Owholemodule";
				VALIDATE_PRODUCT = YES;
			};
			name = Release;
		};
		EF8F84B51E29829100C32EBA /* Debug */ = {
			isa = XCBuildConfiguration;
			buildSettings = {
				ASSETCATALOG_COMPILER_APPICON_NAME = AppIcon;
				INFOPLIST_FILE = ContactsApp/Info.plist;
				LD_RUNPATH_SEARCH_PATHS = "$(inherited) @executable_path/Frameworks";
				PRODUCT_BUNDLE_IDENTIFIER = com.LisaSteele.ContactsApp;
				PRODUCT_NAME = "$(TARGET_NAME)";
				SWIFT_VERSION = 3.0;
			};
			name = Debug;
		};
		EF8F84B61E29829100C32EBA /* Release */ = {
			isa = XCBuildConfiguration;
			buildSettings = {
				ASSETCATALOG_COMPILER_APPICON_NAME = AppIcon;
				INFOPLIST_FILE = ContactsApp/Info.plist;
				LD_RUNPATH_SEARCH_PATHS = "$(inherited) @executable_path/Frameworks";
				PRODUCT_BUNDLE_IDENTIFIER = com.LisaSteele.ContactsApp;
				PRODUCT_NAME = "$(TARGET_NAME)";
				SWIFT_VERSION = 3.0;
			};
			name = Release;
		};
		EF8F84B81E29829100C32EBA /* Debug */ = {
			isa = XCBuildConfiguration;
			buildSettings = {
				ALWAYS_EMBED_SWIFT_STANDARD_LIBRARIES = YES;
				BUNDLE_LOADER = "$(TEST_HOST)";
				INFOPLIST_FILE = ContactsAppTests/Info.plist;
				LD_RUNPATH_SEARCH_PATHS = "$(inherited) @executable_path/Frameworks @loader_path/Frameworks";
				PRODUCT_BUNDLE_IDENTIFIER = com.LisaSteele.ContactsAppTests;
				PRODUCT_NAME = "$(TARGET_NAME)";
				SWIFT_VERSION = 3.0;
				TEST_HOST = "$(BUILT_PRODUCTS_DIR)/ContactsApp.app/ContactsApp";
			};
			name = Debug;
		};
		EF8F84B91E29829100C32EBA /* Release */ = {
			isa = XCBuildConfiguration;
			buildSettings = {
				ALWAYS_EMBED_SWIFT_STANDARD_LIBRARIES = YES;
				BUNDLE_LOADER = "$(TEST_HOST)";
				INFOPLIST_FILE = ContactsAppTests/Info.plist;
				LD_RUNPATH_SEARCH_PATHS = "$(inherited) @executable_path/Frameworks @loader_path/Frameworks";
				PRODUCT_BUNDLE_IDENTIFIER = com.LisaSteele.ContactsAppTests;
				PRODUCT_NAME = "$(TARGET_NAME)";
				SWIFT_VERSION = 3.0;
				TEST_HOST = "$(BUILT_PRODUCTS_DIR)/ContactsApp.app/ContactsApp";
			};
			name = Release;
		};
		EF8F84BB1E29829100C32EBA /* Debug */ = {
			isa = XCBuildConfiguration;
			buildSettings = {
				ALWAYS_EMBED_SWIFT_STANDARD_LIBRARIES = YES;
				INFOPLIST_FILE = ContactsAppUITests/Info.plist;
				LD_RUNPATH_SEARCH_PATHS = "$(inherited) @executable_path/Frameworks @loader_path/Frameworks";
				PRODUCT_BUNDLE_IDENTIFIER = com.LisaSteele.ContactsAppUITests;
				PRODUCT_NAME = "$(TARGET_NAME)";
				SWIFT_VERSION = 3.0;
				TEST_TARGET_NAME = ContactsApp;
			};
			name = Debug;
		};
		EF8F84BC1E29829100C32EBA /* Release */ = {
			isa = XCBuildConfiguration;
			buildSettings = {
				ALWAYS_EMBED_SWIFT_STANDARD_LIBRARIES = YES;
				INFOPLIST_FILE = ContactsAppUITests/Info.plist;
				LD_RUNPATH_SEARCH_PATHS = "$(inherited) @executable_path/Frameworks @loader_path/Frameworks";
				PRODUCT_BUNDLE_IDENTIFIER = com.LisaSteele.ContactsAppUITests;
				PRODUCT_NAME = "$(TARGET_NAME)";
				SWIFT_VERSION = 3.0;
				TEST_TARGET_NAME = ContactsApp;
			};
			name = Release;
		};
/* End XCBuildConfiguration section */

/* Begin XCConfigurationList section */
		EF8F84871E29829100C32EBA /* Build configuration list for PBXProject "ContactsApp" */ = {
			isa = XCConfigurationList;
			buildConfigurations = (
				EF8F84B21E29829100C32EBA /* Debug */,
				EF8F84B31E29829100C32EBA /* Release */,
			);
			defaultConfigurationIsVisible = 0;
			defaultConfigurationName = Release;
		};
		EF8F84B41E29829100C32EBA /* Build configuration list for PBXNativeTarget "ContactsApp" */ = {
			isa = XCConfigurationList;
			buildConfigurations = (
				EF8F84B51E29829100C32EBA /* Debug */,
				EF8F84B61E29829100C32EBA /* Release */,
			);
			defaultConfigurationIsVisible = 0;
		};
		EF8F84B71E29829100C32EBA /* Build configuration list for PBXNativeTarget "ContactsAppTests" */ = {
			isa = XCConfigurationList;
			buildConfigurations = (
				EF8F84B81E29829100C32EBA /* Debug */,
				EF8F84B91E29829100C32EBA /* Release */,
			);
			defaultConfigurationIsVisible = 0;
		};
		EF8F84BA1E29829100C32EBA /* Build configuration list for PBXNativeTarget "ContactsAppUITests" */ = {
			isa = XCConfigurationList;
			buildConfigurations = (
				EF8F84BB1E29829100C32EBA /* Debug */,
				EF8F84BC1E29829100C32EBA /* Release */,
			);
			defaultConfigurationIsVisible = 0;
		};
/* End XCConfigurationList section */
	};
	rootObject = EF8F84841E29829100C32EBA /* Project object */;
}
